
Microsoft Visual Studio Solution File, Format Version 12.00
# Visual Studio Version 17
VisualStudioVersion = 17.4.33110.190
MinimumVisualStudioVersion = 10.0.40219.1
Project("{FAE04EC0-301F-11D3-BF4B-00C04F79EFBC}") = "PracticalWork2", "PracticalWork2.csproj", "{0C337CDF-5BF6-41C3-AB8F-4D60C2805338}"
EndProject
Global
	GlobalSection(SolutionConfigurationPlatforms) = preSolution
		Debug|Any CPU = Debug|Any CPU
		Release|Any CPU = Release|Any CPU
	EndGlobalSection
	GlobalSection(ProjectConfigurationPlatforms) = postSolution
		{0C337CDF-5BF6-41C3-AB8F-4D60C2805338}.Debug|Any CPU.ActiveCfg = Debug|Any CPU
		{0C337CDF-5BF6-41C3-AB8F-4D60C2805338}.Debug|Any CPU.Build.0 = Debug|Any CPU
		{0C337CDF-5BF6-41C3-AB8F-4D60C2805338}.Release|Any CPU.ActiveCfg = Release|Any CPU
		{0C337CDF-5BF6-41C3-AB8F-4D60C2805338}.Release|Any CPU.Build.0 = Release|Any CPU
	EndGlobalSection
	GlobalSection(SolutionProperties) = preSolution
		HideSolutionNode = FALSE
	EndGlobalSection
	GlobalSection(ExtensibilityGlobals) = postSolution
		SolutionGuid = {8B96B0C9-EC9B-400A-9614-E48EC4B7056F}
	EndGlobalSection
EndGlobal
